prepare:
  cmd: python src/prepare.py data/data.xml
  deps:
  - path: data/data.xml
    md5: a304afb96060aad90176268345e10355
  - path: src/prepare.py
    md5: 4d179ae612a6ffa744a357e4941a8d22
  params:
    params.yaml:
      prepare.seed: 20170428
      prepare.split: 0.2
  outs:
  - path: data/prepared
    md5: 20b786b6e6f80e2b3fcf17827ad18597.dir
featurize:
  cmd: python src/featurization.py data/prepared data/features
  deps:
  - path: data/prepared
    md5: 20b786b6e6f80e2b3fcf17827ad18597.dir
  - path: src/featurization.py
    md5: c7613f30fcd076155db5b46162cacd69
  params:
    params.yaml:
      featurize.max_features: 1500
      featurize.ngrams: 3
  outs:
  - path: data/features
    md5: 98e8a170fd4b3d5efd9a12c3f0ce7a92.dir
train:
  cmd: python src/train.py data/features model.pkl
  deps:
  - path: data/features
    md5: 98e8a170fd4b3d5efd9a12c3f0ce7a92.dir
  - path: src/train.py
    md5: 7de584cca411643feaf72d3ce7fee667
  params:
    params.yaml:
      train.n_estimators: 50
      train.seed: 20170428
  outs:
  - path: model.pkl
    md5: 67349914ac399408e1d4c756bc99c4c2
evaluate:
  cmd: python src/evaluate.py model.pkl data/features scores.json prc.json
  deps:
  - path: data/features
    md5: 98e8a170fd4b3d5efd9a12c3f0ce7a92.dir
  - path: model.pkl
    md5: 67349914ac399408e1d4c756bc99c4c2
  - path: src/evaluate.py
    md5: 2c8af06216a190aeabe2e355f822d1cf
  outs:
  - path: prc.json
    md5: b8b37c1aee0e1f8de9225856e381628d
  - path: scores.json
    md5: cf783d4dda9232e9baad8a4404a64b4b
